schema: '2.0'
stages:
  stage0:
    cmd: python convert_yaml_to_mcp_json.py --input_dir 
      /home/sagemaker-user/FunctionWrapper/description_improvement/results/StableToolBench_D1
      --output_dir /home/sagemaker-user/TOUCAN/mcp_servers
    outs:
    - path: ../mcp_servers
      hash: md5
      md5: 8c0792caedd72933faa6682b58cf90a6.dir
      size: 269238270
      nfiles: 10239
  stage1-1:
    cmd: python step1.1_gen_questions.py --total_prompts 1000 
      --sampling_strategy random
    deps:
    - path: ../mcp_servers/
      hash: md5
      md5: 8c0792caedd72933faa6682b58cf90a6.dir
      size: 269238270
      nfiles: 10239
